
Microsoft Visual Studio Solution File, Format Version 12.00
# Visual Studio Version 17
VisualStudioVersion = 17.0.31919.166
MinimumVisualStudioVersion = 10.0.40219.1
Project("{9A19103F-16F7-4668-BE54-9A1E7A4F7556}") = "BugTrackerWebApp", "BugTrackerWebApp.csproj", "{8D40D480-0749-4F24-9F31-9EF5C8FDBB6F}"
EndProject
Project("{FAE04EC0-301F-11D3-BF4B-00C04F79EFBC}") = "BugTrackerWebAppTests", "..\BugTrackerWebAppTests\BugTrackerWebAppTests.csproj", "{74DFB996-5E41-4AEA-8072-C17315BD5864}"
EndProject
Global
	GlobalSection(SolutionConfigurationPlatforms) = preSolution
		Debug|Any CPU = Debug|Any CPU
		Release|Any CPU = Release|Any CPU
	EndGlobalSection
	GlobalSection(ProjectConfigurationPlatforms) = postSolution
		{8D40D480-0749-4F24-9F31-9EF5C8FDBB6F}.Debug|Any CPU.ActiveCfg = Debug|Any CPU
		{8D40D480-0749-4F24-9F31-9EF5C8FDBB6F}.Debug|Any CPU.Build.0 = Debug|Any CPU
		{8D40D480-0749-4F24-9F31-9EF5C8FDBB6F}.Release|Any CPU.ActiveCfg = Release|Any CPU
		{8D40D480-0749-4F24-9F31-9EF5C8FDBB6F}.Release|Any CPU.Build.0 = Release|Any CPU
		{74DFB996-5E41-4AEA-8072-C17315BD5864}.Debug|Any CPU.ActiveCfg = Debug|Any CPU
		{74DFB996-5E41-4AEA-8072-C17315BD5864}.Debug|Any CPU.Build.0 = Debug|Any CPU
		{74DFB996-5E41-4AEA-8072-C17315BD5864}.Release|Any CPU.ActiveCfg = Release|Any CPU
		{74DFB996-5E41-4AEA-8072-C17315BD5864}.Release|Any CPU.Build.0 = Release|Any CPU
	EndGlobalSection
	GlobalSection(SolutionProperties) = preSolution
		HideSolutionNode = FALSE
	EndGlobalSection
	GlobalSection(ExtensibilityGlobals) = postSolution
		SolutionGuid = {5AE4D255-4E3E-438B-BF0C-76593D50CD97}
	EndGlobalSection
EndGlobal
